{
  "name": "fernanda",
  "version": "1.0.0",
  "lockfileVersion": 1,
  "requires": true,
  "dependencies": {
    "async": {
      "version": "0.2.10",
      "resolved": "https://registry.npmjs.org/async/-/async-0.2.10.tgz",
      "integrity": "sha1-trvgsGdLnXGXCMo43owjfLUmw9E="
    },
    "colors": {
      "version": "0.6.0-1",
      "resolved": "https://registry.npmjs.org/colors/-/colors-0.6.0-1.tgz",
      "integrity": "sha1-bbtozri8YPKzE9zFzhWZ8G0Z5no="
    },
    "fwk": {
      "version": "1.0.11",
      "resolved": "https://registry.npmjs.org/fwk/-/fwk-1.0.11.tgz",
      "integrity": "sha1-CYyPcXLsJRNOyGoUc6/6Nk1AQ0c=",
      "requires": {
        "async": "0.2.10",
        "should": "0.6.3"
      }
    },
    "instagram-node": {
      "version": "0.5.8",
      "resolved": "https://registry.npmjs.org/instagram-node/-/instagram-node-0.5.8.tgz",
      "integrity": "sha1-cxeqI/gWZUwLADrOUdgaUJr17L8=",
      "requires": {
        "colors": "0.6.0-1",
        "fwk": "1.0.11"
      }
    },
    "should": {
      "version": "0.6.3",
      "resolved": "https://registry.npmjs.org/should/-/should-0.6.3.tgz",
      "integrity": "sha1-1LVTNciQjzpsR5cLaH91A3Ks3HM="
    }
  }
}
